
Microsoft Visual Studio Solution File, Format Version 12.00
# Visual Studio Version 17
VisualStudioVersion = 17.0.31903.59
MinimumVisualStudioVersion = 10.0.40219.1
Project("{2150E333-8FDC-42A3-9474-1A3956D46DE8}") = "src", "src", "{827E0CD3-B72D-47B6-A68D-7590B98EB39B}"
EndProject
Project("{FAE04EC0-301F-11D3-BF4B-00C04F79EFBC}") = "MadModStudio.AI", "src\MadModStudio.AI\MadModStudio.AI.csproj", "{43F0634B-CDFE-4CAF-A9A3-5537C0F8B2CF}"
EndProject
Project("{FAE04EC0-301F-11D3-BF4B-00C04F79EFBC}") = "MadModStudio.Core", "src\MadModStudio.Core\MadModStudio.Core.csproj", "{A34CE2D2-5FED-4EE9-AE52-F474EAED8AE6}"
EndProject
Project("{FAE04EC0-301F-11D3-BF4B-00C04F79EFBC}") = "MadModStudio.Game7DTD", "src\MadModStudio.Game7DTD\MadModStudio.Game7DTD.csproj", "{D77B762E-64BE-432B-BC99-A3103BE02133}"
EndProject
Project("{FAE04EC0-301F-11D3-BF4B-00C04F79EFBC}") = "MadModStudio.ModAnalysis", "src\MadModStudio.ModAnalysis\MadModStudio.ModAnalysis.csproj", "{F9B0D477-1AB0-4D18-8539-BA19979CD9B8}"
EndProject
Project("{FAE04EC0-301F-11D3-BF4B-00C04F79EFBC}") = "MadModStudio.Compiler", "src\MadModStudio.Compiler\MadModStudio.Compiler.csproj", "{3C08DEC7-7935-4E90-BD00-6CC12840F52C}"
EndProject
Project("{FAE04EC0-301F-11D3-BF4B-00C04F79EFBC}") = "MadModStudio.Packaging", "src\MadModStudio.Packaging\MadModStudio.Packaging.csproj", "{67C087C7-6670-41DA-BA2D-970BB3B67774}"
EndProject
Project("{FAE04EC0-301F-11D3-BF4B-00C04F79EFBC}") = "MadModStudio.App", "src\MadModStudio.App\MadModStudio.App.csproj", "{D608E817-E937-4B91-A927-82DD6CA302A0}"
EndProject
Project("{FAE04EC0-301F-11D3-BF4B-00C04F79EFBC}") = "MadModStudio.Persistence", "src\MadModStudio.Persistence\MadModStudio.Persistence.csproj", "{7221C9B5-BADA-407C-A70D-18F27F902FBF}"
EndProject
Project("{FAE04EC0-301F-11D3-BF4B-00C04F79EFBC}") = "MadModStudio.Cli", "src\MadModStudio.Cli\MadModStudio.Cli.csproj", "{2F4D36AF-B1FC-4872-92CD-3D6E0E637052}"
EndProject
Project("{2150E333-8FDC-42A3-9474-1A3956D46DE8}") = "tests", "tests", "{0AB3BF05-4346-4AA6-1389-037BE0695223}"
EndProject
Project("{FAE04EC0-301F-11D3-BF4B-00C04F79EFBC}") = "MadModStudio.Compiler.Tests", "tests\MadModStudio.Compiler.Tests\MadModStudio.Compiler.Tests.csproj", "{DB00DE95-8FCF-43E9-960D-703BF024828F}"
EndProject
Project("{FAE04EC0-301F-11D3-BF4B-00C04F79EFBC}") = "MadModStudio.Core.Tests", "tests\MadModStudio.Core.Tests\MadModStudio.Core.Tests.csproj", "{38B5142F-68F8-4E9C-AFE6-56DE97C00017}"
EndProject
Project("{FAE04EC0-301F-11D3-BF4B-00C04F79EFBC}") = "MadModStudio.Game7DTD.Tests", "tests\MadModStudio.Game7DTD.Tests\MadModStudio.Game7DTD.Tests.csproj", "{E1E88C93-913A-47DB-819C-9BFF92ED7971}"
EndProject
Project("{FAE04EC0-301F-11D3-BF4B-00C04F79EFBC}") = "MadModStudio.Packaging.Tests", "tests\MadModStudio.Packaging.Tests\MadModStudio.Packaging.Tests.csproj", "{AB8EB299-7441-4120-BF38-510EE286495A}"
EndProject
Global
	GlobalSection(SolutionConfigurationPlatforms) = preSolution
		Debug|Any CPU = Debug|Any CPU
		Debug|x64 = Debug|x64
		Debug|x86 = Debug|x86
		Release|Any CPU = Release|Any CPU
		Release|x64 = Release|x64
		Release|x86 = Release|x86
	EndGlobalSection
	GlobalSection(ProjectConfigurationPlatforms) = postSolution
		{43F0634B-CDFE-4CAF-A9A3-5537C0F8B2CF}.Debug|Any CPU.ActiveCfg = Debug|Any CPU
		{43F0634B-CDFE-4CAF-A9A3-5537C0F8B2CF}.Debug|Any CPU.Build.0 = Debug|Any CPU
		{43F0634B-CDFE-4CAF-A9A3-5537C0F8B2CF}.Debug|x64.ActiveCfg = Debug|Any CPU
		{43F0634B-CDFE-4CAF-A9A3-5537C0F8B2CF}.Debug|x64.Build.0 = Debug|Any CPU
		{43F0634B-CDFE-4CAF-A9A3-5537C0F8B2CF}.Debug|x86.ActiveCfg = Debug|Any CPU
		{43F0634B-CDFE-4CAF-A9A3-5537C0F8B2CF}.Debug|x86.Build.0 = Debug|Any CPU
		{43F0634B-CDFE-4CAF-A9A3-5537C0F8B2CF}.Release|Any CPU.ActiveCfg = Release|Any CPU
		{43F0634B-CDFE-4CAF-A9A3-5537C0F8B2CF}.Release|Any CPU.Build.0 = Release|Any CPU
		{43F0634B-CDFE-4CAF-A9A3-5537C0F8B2CF}.Release|x64.ActiveCfg = Release|Any CPU
		{43F0634B-CDFE-4CAF-A9A3-5537C0F8B2CF}.Release|x64.Build.0 = Release|Any CPU
		{43F0634B-CDFE-4CAF-A9A3-5537C0F8B2CF}.Release|x86.ActiveCfg = Release|Any CPU
		{43F0634B-CDFE-4CAF-A9A3-5537C0F8B2CF}.Release|x86.Build.0 = Release|Any CPU
		{A34CE2D2-5FED-4EE9-AE52-F474EAED8AE6}.Debug|Any CPU.ActiveCfg = Debug|Any CPU
		{A34CE2D2-5FED-4EE9-AE52-F474EAED8AE6}.Debug|Any CPU.Build.0 = Debug|Any CPU
		{A34CE2D2-5FED-4EE9-AE52-F474EAED8AE6}.Debug|x64.ActiveCfg = Debug|Any CPU
		{A34CE2D2-5FED-4EE9-AE52-F474EAED8AE6}.Debug|x64.Build.0 = Debug|Any CPU
		{A34CE2D2-5FED-4EE9-AE52-F474EAED8AE6}.Debug|x86.ActiveCfg = Debug|Any CPU
		{A34CE2D2-5FED-4EE9-AE52-F474EAED8AE6}.Debug|x86.Build.0 = Debug|Any CPU
		{A34CE2D2-5FED-4EE9-AE52-F474EAED8AE6}.Release|Any CPU.ActiveCfg = Release|Any CPU
		{A34CE2D2-5FED-4EE9-AE52-F474EAED8AE6}.Release|Any CPU.Build.0 = Release|Any CPU
		{A34CE2D2-5FED-4EE9-AE52-F474EAED8AE6}.Release|x64.ActiveCfg = Release|Any CPU
		{A34CE2D2-5FED-4EE9-AE52-F474EAED8AE6}.Release|x64.Build.0 = Release|Any CPU
		{A34CE2D2-5FED-4EE9-AE52-F474EAED8AE6}.Release|x86.ActiveCfg = Release|Any CPU
		{A34CE2D2-5FED-4EE9-AE52-F474EAED8AE6}.Release|x86.Build.0 = Release|Any CPU
		{D77B762E-64BE-432B-BC99-A3103BE02133}.Debug|Any CPU.ActiveCfg = Debug|Any CPU
		{D77B762E-64BE-432B-BC99-A3103BE02133}.Debug|Any CPU.Build.0 = Debug|Any CPU
		{D77B762E-64BE-432B-BC99-A3103BE02133}.Debug|x64.ActiveCfg = Debug|Any CPU
		{D77B762E-64BE-432B-BC99-A3103BE02133}.Debug|x64.Build.0 = Debug|Any CPU
		{D77B762E-64BE-432B-BC99-A3103BE02133}.Debug|x86.ActiveCfg = Debug|Any CPU
		{D77B762E-64BE-432B-BC99-A3103BE02133}.Debug|x86.Build.0 = Debug|Any CPU
		{D77B762E-64BE-432B-BC99-A3103BE02133}.Release|Any CPU.ActiveCfg = Release|Any CPU
		{D77B762E-64BE-432B-BC99-A3103BE02133}.Release|Any CPU.Build.0 = Release|Any CPU
		{D77B762E-64BE-432B-BC99-A3103BE02133}.Release|x64.ActiveCfg = Release|Any CPU
		{D77B762E-64BE-432B-BC99-A3103BE02133}.Release|x64.Build.0 = Release|Any CPU
		{D77B762E-64BE-432B-BC99-A3103BE02133}.Release|x86.ActiveCfg = Release|Any CPU
		{D77B762E-64BE-432B-BC99-A3103BE02133}.Release|x86.Build.0 = Release|Any CPU
		{F9B0D477-1AB0-4D18-8539-BA19979CD9B8}.Debug|Any CPU.ActiveCfg = Debug|Any CPU
		{F9B0D477-1AB0-4D18-8539-BA19979CD9B8}.Debug|Any CPU.Build.0 = Debug|Any CPU
		{F9B0D477-1AB0-4D18-8539-BA19979CD9B8}.Debug|x64.ActiveCfg = Debug|Any CPU
		{F9B0D477-1AB0-4D18-8539-BA19979CD9B8}.Debug|x64.Build.0 = Debug|Any CPU
		{F9B0D477-1AB0-4D18-8539-BA19979CD9B8}.Debug|x86.ActiveCfg = Debug|Any CPU
		{F9B0D477-1AB0-4D18-8539-BA19979CD9B8}.Debug|x86.Build.0 = Debug|Any CPU
		{F9B0D477-1AB0-4D18-8539-BA19979CD9B8}.Release|Any CPU.ActiveCfg = Release|Any CPU
		{F9B0D477-1AB0-4D18-8539-BA19979CD9B8}.Release|Any CPU.Build.0 = Release|Any CPU
		{F9B0D477-1AB0-4D18-8539-BA19979CD9B8}.Release|x64.ActiveCfg = Release|Any CPU
		{F9B0D477-1AB0-4D18-8539-BA19979CD9B8}.Release|x64.Build.0 = Release|Any CPU
		{F9B0D477-1AB0-4D18-8539-BA19979CD9B8}.Release|x86.ActiveCfg = Release|Any CPU
		{F9B0D477-1AB0-4D18-8539-BA19979CD9B8}.Release|x86.Build.0 = Release|Any CPU
		{3C08DEC7-7935-4E90-BD00-6CC12840F52C}.Debug|Any CPU.ActiveCfg = Debug|Any CPU
		{3C08DEC7-7935-4E90-BD00-6CC12840F52C}.Debug|Any CPU.Build.0 = Debug|Any CPU
		{3C08DEC7-7935-4E90-BD00-6CC12840F52C}.Debug|x64.ActiveCfg = Debug|Any CPU
		{3C08DEC7-7935-4E90-BD00-6CC12840F52C}.Debug|x64.Build.0 = Debug|Any CPU
		{3C08DEC7-7935-4E90-BD00-6CC12840F52C}.Debug|x86.ActiveCfg = Debug|Any CPU
		{3C08DEC7-7935-4E90-BD00-6CC12840F52C}.Debug|x86.Build.0 = Debug|Any CPU
		{3C08DEC7-7935-4E90-BD00-6CC12840F52C}.Release|Any CPU.ActiveCfg = Release|Any CPU
		{3C08DEC7-7935-4E90-BD00-6CC12840F52C}.Release|Any CPU.Build.0 = Release|Any CPU
		{3C08DEC7-7935-4E90-BD00-6CC12840F52C}.Release|x64.ActiveCfg = Release|Any CPU
		{3C08DEC7-7935-4E90-BD00-6CC12840F52C}.Release|x64.Build.0 = Release|Any CPU
		{3C08DEC7-7935-4E90-BD00-6CC12840F52C}.Release|x86.ActiveCfg = Release|Any CPU
		{3C08DEC7-7935-4E90-BD00-6CC12840F52C}.Release|x86.Build.0 = Release|Any CPU
		{67C087C7-6670-41DA-BA2D-970BB3B67774}.Debug|Any CPU.ActiveCfg = Debug|Any CPU
		{67C087C7-6670-41DA-BA2D-970BB3B67774}.Debug|Any CPU.Build.0 = Debug|Any CPU
		{67C087C7-6670-41DA-BA2D-970BB3B67774}.Debug|x64.ActiveCfg = Debug|Any CPU
		{67C087C7-6670-41DA-BA2D-970BB3B67774}.Debug|x64.Build.0 = Debug|Any CPU
		{67C087C7-6670-41DA-BA2D-970BB3B67774}.Debug|x86.ActiveCfg = Debug|Any CPU
		{67C087C7-6670-41DA-BA2D-970BB3B67774}.Debug|x86.Build.0 = Debug|Any CPU
		{67C087C7-6670-41DA-BA2D-970BB3B67774}.Release|Any CPU.ActiveCfg = Release|Any CPU
		{67C087C7-6670-41DA-BA2D-970BB3B67774}.Release|Any CPU.Build.0 = Release|Any CPU
		{67C087C7-6670-41DA-BA2D-970BB3B67774}.Release|x64.ActiveCfg = Release|Any CPU
		{67C087C7-6670-41DA-BA2D-970BB3B67774}.Release|x64.Build.0 = Release|Any CPU
		{67C087C7-6670-41DA-BA2D-970BB3B67774}.Release|x86.ActiveCfg = Release|Any CPU
		{67C087C7-6670-41DA-BA2D-970BB3B67774}.Release|x86.Build.0 = Release|Any CPU
		{D608E817-E937-4B91-A927-82DD6CA302A0}.Debug|Any CPU.ActiveCfg = Debug|Any CPU
		{D608E817-E937-4B91-A927-82DD6CA302A0}.Debug|Any CPU.Build.0 = Debug|Any CPU
		{D608E817-E937-4B91-A927-82DD6CA302A0}.Debug|x64.ActiveCfg = Debug|Any CPU
		{D608E817-E937-4B91-A927-82DD6CA302A0}.Debug|x64.Build.0 = Debug|Any CPU
		{D608E817-E937-4B91-A927-82DD6CA302A0}.Debug|x86.ActiveCfg = Debug|Any CPU
		{D608E817-E937-4B91-A927-82DD6CA302A0}.Debug|x86.Build.0 = Debug|Any CPU
		{D608E817-E937-4B91-A927-82DD6CA302A0}.Release|Any CPU.ActiveCfg = Release|Any CPU
		{D608E817-E937-4B91-A927-82DD6CA302A0}.Release|Any CPU.Build.0 = Release|Any CPU
		{D608E817-E937-4B91-A927-82DD6CA302A0}.Release|x64.ActiveCfg = Release|Any CPU
		{D608E817-E937-4B91-A927-82DD6CA302A0}.Release|x64.Build.0 = Release|Any CPU
		{D608E817-E937-4B91-A927-82DD6CA302A0}.Release|x86.ActiveCfg = Release|Any CPU
		{D608E817-E937-4B91-A927-82DD6CA302A0}.Release|x86.Build.0 = Release|Any CPU
		{7221C9B5-BADA-407C-A70D-18F27F902FBF}.Debug|Any CPU.ActiveCfg = Debug|Any CPU
		{7221C9B5-BADA-407C-A70D-18F27F902FBF}.Debug|Any CPU.Build.0 = Debug|Any CPU
		{7221C9B5-BADA-407C-A70D-18F27F902FBF}.Debug|x64.ActiveCfg = Debug|Any CPU
		{7221C9B5-BADA-407C-A70D-18F27F902FBF}.Debug|x64.Build.0 = Debug|Any CPU
		{7221C9B5-BADA-407C-A70D-18F27F902FBF}.Debug|x86.ActiveCfg = Debug|Any CPU
		{7221C9B5-BADA-407C-A70D-18F27F902FBF}.Debug|x86.Build.0 = Debug|Any CPU
		{7221C9B5-BADA-407C-A70D-18F27F902FBF}.Release|Any CPU.ActiveCfg = Release|Any CPU
		{7221C9B5-BADA-407C-A70D-18F27F902FBF}.Release|Any CPU.Build.0 = Release|Any CPU
		{7221C9B5-BADA-407C-A70D-18F27F902FBF}.Release|x64.ActiveCfg = Release|Any CPU
		{7221C9B5-BADA-407C-A70D-18F27F902FBF}.Release|x64.Build.0 = Release|Any CPU
		{7221C9B5-BADA-407C-A70D-18F27F902FBF}.Release|x86.ActiveCfg = Release|Any CPU
		{7221C9B5-BADA-407C-A70D-18F27F902FBF}.Release|x86.Build.0 = Release|Any CPU
		{2F4D36AF-B1FC-4872-92CD-3D6E0E637052}.Debug|Any CPU.ActiveCfg = Debug|Any CPU
		{2F4D36AF-B1FC-4872-92CD-3D6E0E637052}.Debug|Any CPU.Build.0 = Debug|Any CPU
		{2F4D36AF-B1FC-4872-92CD-3D6E0E637052}.Debug|x64.ActiveCfg = Debug|Any CPU
		{2F4D36AF-B1FC-4872-92CD-3D6E0E637052}.Debug|x64.Build.0 = Debug|Any CPU
		{2F4D36AF-B1FC-4872-92CD-3D6E0E637052}.Debug|x86.ActiveCfg = Debug|Any CPU
		{2F4D36AF-B1FC-4872-92CD-3D6E0E637052}.Debug|x86.Build.0 = Debug|Any CPU
		{2F4D36AF-B1FC-4872-92CD-3D6E0E637052}.Release|Any CPU.ActiveCfg = Release|Any CPU
		{2F4D36AF-B1FC-4872-92CD-3D6E0E637052}.Release|Any CPU.Build.0 = Release|Any CPU
		{2F4D36AF-B1FC-4872-92CD-3D6E0E637052}.Release|x64.ActiveCfg = Release|Any CPU
		{2F4D36AF-B1FC-4872-92CD-3D6E0E637052}.Release|x64.Build.0 = Release|Any CPU
		{2F4D36AF-B1FC-4872-92CD-3D6E0E637052}.Release|x86.ActiveCfg = Release|Any CPU
		{2F4D36AF-B1FC-4872-92CD-3D6E0E637052}.Release|x86.Build.0 = Release|Any CPU
		{DB00DE95-8FCF-43E9-960D-703BF024828F}.Debug|Any CPU.ActiveCfg = Debug|Any CPU
		{DB00DE95-8FCF-43E9-960D-703BF024828F}.Debug|Any CPU.Build.0 = Debug|Any CPU
		{DB00DE95-8FCF-43E9-960D-703BF024828F}.Debug|x64.ActiveCfg = Debug|Any CPU
		{DB00DE95-8FCF-43E9-960D-703BF024828F}.Debug|x64.Build.0 = Debug|Any CPU
		{DB00DE95-8FCF-43E9-960D-703BF024828F}.Debug|x86.ActiveCfg = Debug|Any CPU
		{DB00DE95-8FCF-43E9-960D-703BF024828F}.Debug|x86.Build.0 = Debug|Any CPU
		{DB00DE95-8FCF-43E9-960D-703BF024828F}.Release|Any CPU.ActiveCfg = Release|Any CPU
		{DB00DE95-8FCF-43E9-960D-703BF024828F}.Release|Any CPU.Build.0 = Release|Any CPU
		{DB00DE95-8FCF-43E9-960D-703BF024828F}.Release|x64.ActiveCfg = Release|Any CPU
		{DB00DE95-8FCF-43E9-960D-703BF024828F}.Release|x64.Build.0 = Release|Any CPU
		{DB00DE95-8FCF-43E9-960D-703BF024828F}.Release|x86.ActiveCfg = Release|Any CPU
		{DB00DE95-8FCF-43E9-960D-703BF024828F}.Release|x86.Build.0 = Release|Any CPU
		{38B5142F-68F8-4E9C-AFE6-56DE97C00017}.Debug|Any CPU.ActiveCfg = Debug|Any CPU
		{38B5142F-68F8-4E9C-AFE6-56DE97C00017}.Debug|Any CPU.Build.0 = Debug|Any CPU
		{38B5142F-68F8-4E9C-AFE6-56DE97C00017}.Debug|x64.ActiveCfg = Debug|Any CPU
		{38B5142F-68F8-4E9C-AFE6-56DE97C00017}.Debug|x64.Build.0 = Debug|Any CPU
		{38B5142F-68F8-4E9C-AFE6-56DE97C00017}.Debug|x86.ActiveCfg = Debug|Any CPU
		{38B5142F-68F8-4E9C-AFE6-56DE97C00017}.Debug|x86.Build.0 = Debug|Any CPU
		{38B5142F-68F8-4E9C-AFE6-56DE97C00017}.Release|Any CPU.ActiveCfg = Release|Any CPU
		{38B5142F-68F8-4E9C-AFE6-56DE97C00017}.Release|Any CPU.Build.0 = Release|Any CPU
		{38B5142F-68F8-4E9C-AFE6-56DE97C00017}.Release|x64.ActiveCfg = Release|Any CPU
		{38B5142F-68F8-4E9C-AFE6-56DE97C00017}.Release|x64.Build.0 = Release|Any CPU
		{38B5142F-68F8-4E9C-AFE6-56DE97C00017}.Release|x86.ActiveCfg = Release|Any CPU
		{38B5142F-68F8-4E9C-AFE6-56DE97C00017}.Release|x86.Build.0 = Release|Any CPU
		{E1E88C93-913A-47DB-819C-9BFF92ED7971}.Debug|Any CPU.ActiveCfg = Debug|Any CPU
		{E1E88C93-913A-47DB-819C-9BFF92ED7971}.Debug|Any CPU.Build.0 = Debug|Any CPU
		{E1E88C93-913A-47DB-819C-9BFF92ED7971}.Debug|x64.ActiveCfg = Debug|Any CPU
		{E1E88C93-913A-47DB-819C-9BFF92ED7971}.Debug|x64.Build.0 = Debug|Any CPU
		{E1E88C93-913A-47DB-819C-9BFF92ED7971}.Debug|x86.ActiveCfg = Debug|Any CPU
		{E1E88C93-913A-47DB-819C-9BFF92ED7971}.Debug|x86.Build.0 = Debug|Any CPU
		{E1E88C93-913A-47DB-819C-9BFF92ED7971}.Release|Any CPU.ActiveCfg = Release|Any CPU
		{E1E88C93-913A-47DB-819C-9BFF92ED7971}.Release|Any CPU.Build.0 = Release|Any CPU
		{E1E88C93-913A-47DB-819C-9BFF92ED7971}.Release|x64.ActiveCfg = Release|Any CPU
		{E1E88C93-913A-47DB-819C-9BFF92ED7971}.Release|x64.Build.0 = Release|Any CPU
		{E1E88C93-913A-47DB-819C-9BFF92ED7971}.Release|x86.ActiveCfg = Release|Any CPU
		{E1E88C93-913A-47DB-819C-9BFF92ED7971}.Release|x86.Build.0 = Release|Any CPU
		{AB8EB299-7441-4120-BF38-510EE286495A}.Debug|Any CPU.ActiveCfg = Debug|Any CPU
		{AB8EB299-7441-4120-BF38-510EE286495A}.Debug|Any CPU.Build.0 = Debug|Any CPU
		{AB8EB299-7441-4120-BF38-510EE286495A}.Debug|x64.ActiveCfg = Debug|Any CPU
		{AB8EB299-7441-4120-BF38-510EE286495A}.Debug|x64.Build.0 = Debug|Any CPU
		{AB8EB299-7441-4120-BF38-510EE286495A}.Debug|x86.ActiveCfg = Debug|Any CPU
		{AB8EB299-7441-4120-BF38-510EE286495A}.Debug|x86.Build.0 = Debug|Any CPU
		{AB8EB299-7441-4120-BF38-510EE286495A}.Release|Any CPU.ActiveCfg = Release|Any CPU
		{AB8EB299-7441-4120-BF38-510EE286495A}.Release|Any CPU.Build.0 = Release|Any CPU
		{AB8EB299-7441-4120-BF38-510EE286495A}.Release|x64.ActiveCfg = Release|Any CPU
		{AB8EB299-7441-4120-BF38-510EE286495A}.Release|x64.Build.0 = Release|Any CPU
		{AB8EB299-7441-4120-BF38-510EE286495A}.Release|x86.ActiveCfg = Release|Any CPU
		{AB8EB299-7441-4120-BF38-510EE286495A}.Release|x86.Build.0 = Release|Any CPU
	EndGlobalSection
	GlobalSection(SolutionProperties) = preSolution
		HideSolutionNode = FALSE
	EndGlobalSection
	GlobalSection(NestedProjects) = preSolution
		{43F0634B-CDFE-4CAF-A9A3-5537C0F8B2CF} = {827E0CD3-B72D-47B6-A68D-7590B98EB39B}
		{A34CE2D2-5FED-4EE9-AE52-F474EAED8AE6} = {827E0CD3-B72D-47B6-A68D-7590B98EB39B}
		{D77B762E-64BE-432B-BC99-A3103BE02133} = {827E0CD3-B72D-47B6-A68D-7590B98EB39B}
		{F9B0D477-1AB0-4D18-8539-BA19979CD9B8} = {827E0CD3-B72D-47B6-A68D-7590B98EB39B}
		{3C08DEC7-7935-4E90-BD00-6CC12840F52C} = {827E0CD3-B72D-47B6-A68D-7590B98EB39B}
		{67C087C7-6670-41DA-BA2D-970BB3B67774} = {827E0CD3-B72D-47B6-A68D-7590B98EB39B}
		{D608E817-E937-4B91-A927-82DD6CA302A0} = {827E0CD3-B72D-47B6-A68D-7590B98EB39B}
		{7221C9B5-BADA-407C-A70D-18F27F902FBF} = {827E0CD3-B72D-47B6-A68D-7590B98EB39B}
		{2F4D36AF-B1FC-4872-92CD-3D6E0E637052} = {827E0CD3-B72D-47B6-A68D-7590B98EB39B}
		{DB00DE95-8FCF-43E9-960D-703BF024828F} = {0AB3BF05-4346-4AA6-1389-037BE0695223}
		{38B5142F-68F8-4E9C-AFE6-56DE97C00017} = {0AB3BF05-4346-4AA6-1389-037BE0695223}
		{E1E88C93-913A-47DB-819C-9BFF92ED7971} = {0AB3BF05-4346-4AA6-1389-037BE0695223}
		{AB8EB299-7441-4120-BF38-510EE286495A} = {0AB3BF05-4346-4AA6-1389-037BE0695223}
	EndGlobalSection
EndGlobal
